
Microsoft Visual Studio Solution File, Format Version 12.00
# Visual Studio Version 16
VisualStudioVersion = 16.0.29613.14
MinimumVisualStudioVersion = 10.0.40219.1
Project("{FAE04EC0-301F-11D3-BF4B-00C04F79EFBC}") = "pr21", "pr21.csproj", "{23295E3A-2D76-4004-934F-A04002A143DB}"
EndProject
Global
	GlobalSection(SolutionConfigurationPlatforms) = preSolution
		Debug|Any CPU = Debug|Any CPU
		Release|Any CPU = Release|Any CPU
	EndGlobalSection
	GlobalSection(ProjectConfigurationPlatforms) = postSolution
		{23295E3A-2D76-4004-934F-A04002A143DB}.Debug|Any CPU.ActiveCfg = Debug|Any CPU
		{23295E3A-2D76-4004-934F-A04002A143DB}.Debug|Any CPU.Build.0 = Debug|Any CPU
		{23295E3A-2D76-4004-934F-A04002A143DB}.Release|Any CPU.ActiveCfg = Release|Any CPU
		{23295E3A-2D76-4004-934F-A04002A143DB}.Release|Any CPU.Build.0 = Release|Any CPU
	EndGlobalSection
	GlobalSection(SolutionProperties) = preSolution
		HideSolutionNode = FALSE
	EndGlobalSection
	GlobalSection(ExtensibilityGlobals) = postSolution
		SolutionGuid = {891FC330-D17D-4BC6-83FB-0E89B9EAD004}
	EndGlobalSection
EndGlobal
